# This file is generated by running "yarn install" inside your project.
# Manual changes might be lost - proceed with caution!

__metadata:
  version: 6

"@slack/bar@workspace:*, @slack/bar@workspace:packages/bar":
  version: 0.0.0-use.local
  resolution: "@slack/bar@workspace:packages/bar"
  languageName: unknown
  linkType: soft

"@slack/foo@workspace:packages/foo":
  version: 0.0.0-use.local
  resolution: "@slack/foo@workspace:packages/foo"
  dependencies:
    "@slack/bar": "workspace:*"
  languageName: unknown
  linkType: soft

"workspaces-example@workspace:.":
  version: 0.0.0-use.local
  resolution: "workspaces-example@workspace:."
  languageName: unknown
  linkType: soft
